// !$*UTF8*$!
{
	archiveVersion = 1;
	classes = {
	};
	objectVersion = 46;
	objects = {

/* Begin PBXBuildFile section */
		8F4DBCDF1C81E3F10048988C /* StoreTableViewController.m in Sources */ = {isa = PBXBuildFile; fileRef = 8F4DBCDD1C81E3F10048988C /* StoreTableViewController.m */; };
		8F4DBCE01C81E3F10048988C /* StoreTableViewController.xib in Resources */ = {isa = PBXBuildFile; fileRef = 8F4DBCDE1C81E3F10048988C /* StoreTableViewController.xib */; };
		8F4DBCE41C81F7700048988C /* CategoryTableViewController.m in Sources */ = {isa = PBXBuildFile; fileRef = 8F4DBCE21C81F7700048988C /* CategoryTableViewController.m */; };
		8F4DBCE51C81F7700048988C /* CategoryTableViewController.xib in Resources */ = {isa = PBXBuildFile; fileRef = 8F4DBCE31C81F7700048988C /* CategoryTableViewController.xib */; };
		8F4DBCE91C8200980048988C /* ProduitTableViewController.m in Sources */ = {isa = PBXBuildFile; fileRef = 8F4DBCE71C8200980048988C /* ProduitTableViewController.m */; };
		8F4DBCEA1C8200980048988C /* ProduitTableViewController.xib in Resources */ = {isa = PBXBuildFile; fileRef = 8F4DBCE81C8200980048988C /* ProduitTableViewController.xib */; };
		8F4DBCF21C84BD840048988C /* Product.m in Sources */ = {isa = PBXBuildFile; fileRef = 8F4DBCF11C84BD840048988C /* Product.m */; };
		8F4DBCF51C84BD910048988C /* Cart.m in Sources */ = {isa = PBXBuildFile; fileRef = 8F4DBCF41C84BD910048988C /* Cart.m */; };
		8F4DBCFA1C84EBB10048988C /* PanierTableViewController.m in Sources */ = {isa = PBXBuildFile; fileRef = 8F4DBCF81C84EBB10048988C /* PanierTableViewController.m */; };
		8F4DBCFB1C84EBB10048988C /* PanierTableViewController.xib in Resources */ = {isa = PBXBuildFile; fileRef = 8F4DBCF91C84EBB10048988C /* PanierTableViewController.xib */; };
		8FB36B271C6D0FAD007A780D /* main.m in Sources */ = {isa = PBXBuildFile; fileRef = 8FB36B261C6D0FAD007A780D /* main.m */; };
		8FB36B2A1C6D0FAD007A780D /* AppDelegate.m in Sources */ = {isa = PBXBuildFile; fileRef = 8FB36B291C6D0FAD007A780D /* AppDelegate.m */; };
		8FB36B321C6D0FAD007A780D /* Assets.xcassets in Resources */ = {isa = PBXBuildFile; fileRef = 8FB36B311C6D0FAD007A780D /* Assets.xcassets */; };
		8FB36B351C6D0FAD007A780D /* LaunchScreen.storyboard in Resources */ = {isa = PBXBuildFile; fileRef = 8FB36B331C6D0FAD007A780D /* LaunchScreen.storyboard */; };
		8FB36B401C6D0FAE007A780D /* XmazonTests.m in Sources */ = {isa = PBXBuildFile; fileRef = 8FB36B3F1C6D0FAE007A780D /* XmazonTests.m */; };
		8FB36B4B1C6D0FAE007A780D /* XmazonUITests.m in Sources */ = {isa = PBXBuildFile; fileRef = 8FB36B4A1C6D0FAE007A780D /* XmazonUITests.m */; };
		8FB36B5A1C6D1353007A780D /* Constants.m in Sources */ = {isa = PBXBuildFile; fileRef = 8FB36B591C6D1353007A780D /* Constants.m */; };
		8FFFF3B41C6F43BB00FE4A62 /* API.m in Sources */ = {isa = PBXBuildFile; fileRef = 8FFFF3B31C6F43BB00FE4A62 /* API.m */; };
		8FFFF3B81C6F909900FE4A62 /* InscriptionViewController.m in Sources */ = {isa = PBXBuildFile; fileRef = 8FFFF3B61C6F909900FE4A62 /* InscriptionViewController.m */; };
		8FFFF3B91C6F909900FE4A62 /* InscriptionViewController.xib in Resources */ = {isa = PBXBuildFile; fileRef = 8FFFF3B71C6F909900FE4A62 /* InscriptionViewController.xib */; };
/* End PBXBuildFile section */

/* Begin PBXContainerItemProxy section */
		8FB36B3C1C6D0FAE007A780D /* PBXContainerItemProxy */ = {
			isa = PBXContainerItemProxy;
			containerPortal = 8FB36B1A1C6D0FAD007A780D /* Project object */;
			proxyType = 1;
			remoteGlobalIDString = 8FB36B211C6D0FAD007A780D;
			remoteInfo = Xmazon;
		};
		8FB36B471C6D0FAE007A780D /* PBXContainerItemProxy */ = {
			isa = PBXContainerItemProxy;
			containerPortal = 8FB36B1A1C6D0FAD007A780D /* Project object */;
			proxyType = 1;
			remoteGlobalIDString = 8FB36B211C6D0FAD007A780D;
			remoteInfo = Xmazon;
		};
/* End PBXContainerItemProxy section */

/* Begin PBXFileReference section */
		8F4DBCDC1C81E3F10048988C /* StoreTableViewController.h */ = {isa = PBXFileReference; fileEncoding = 4; lastKnownFileType = sourcecode.c.h; path = StoreTableViewController.h; sourceTree = "<group>"; };
		8F4DBCDD1C81E3F10048988C /* StoreTableViewController.m */ = {isa = PBXFileReference; fileEncoding = 4; lastKnownFileType = sourcecode.c.objc; path = StoreTableViewController.m; sourceTree = "<group>"; };
		8F4DBCDE1C81E3F10048988C /* StoreTableViewController.xib */ = {isa = PBXFileReference; fileEncoding = 4; lastKnownFileType = file.xib; path = StoreTableViewController.xib; sourceTree = "<group>"; };
		8F4DBCE11C81F7700048988C /* CategoryTableViewController.h */ = {isa = PBXFileReference; fileEncoding = 4; lastKnownFileType = sourcecode.c.h; path = CategoryTableViewController.h; sourceTree = "<group>"; };
		8F4DBCE21C81F7700048988C /* CategoryTableViewController.m */ = {isa = PBXFileReference; fileEncoding = 4; lastKnownFileType = sourcecode.c.objc; path = CategoryTableViewController.m; sourceTree = "<group>"; };
		8F4DBCE31C81F7700048988C /* CategoryTableViewController.xib */ = {isa = PBXFileReference; fileEncoding = 4; lastKnownFileType = file.xib; path = CategoryTableViewController.xib; sourceTree = "<group>"; };
		8F4DBCE61C8200980048988C /* ProduitTableViewController.h */ = {isa = PBXFileReference; fileEncoding = 4; lastKnownFileType = sourcecode.c.h; path = ProduitTableViewController.h; sourceTree = "<group>"; };
		8F4DBCE71C8200980048988C /* ProduitTableViewController.m */ = {isa = PBXFileReference; fileEncoding = 4; lastKnownFileType = sourcecode.c.objc; path = ProduitTableViewController.m; sourceTree = "<group>"; };
		8F4DBCE81C8200980048988C /* ProduitTableViewController.xib */ = {isa = PBXFileReference; fileEncoding = 4; lastKnownFileType = file.xib; path = ProduitTableViewController.xib; sourceTree = "<group>"; };
		8F4DBCF01C84BD840048988C /* Product.h */ = {isa = PBXFileReference; fileEncoding = 4; lastKnownFileType = sourcecode.c.h; name = Product.h; path = ../Product.h; sourceTree = "<group>"; };
		8F4DBCF11C84BD840048988C /* Product.m */ = {isa = PBXFileReference; fileEncoding = 4; lastKnownFileType = sourcecode.c.objc; name = Product.m; path = ../Product.m; sourceTree = "<group>"; };
		8F4DBCF31C84BD910048988C /* Cart.h */ = {isa = PBXFileReference; fileEncoding = 4; lastKnownFileType = sourcecode.c.h; path = Cart.h; sourceTree = "<group>"; };
		8F4DBCF41C84BD910048988C /* Cart.m */ = {isa = PBXFileReference; fileEncoding = 4; lastKnownFileType = sourcecode.c.objc; path = Cart.m; sourceTree = "<group>"; };
		8F4DBCF71C84EBB10048988C /* PanierTableViewController.h */ = {isa = PBXFileReference; fileEncoding = 4; lastKnownFileType = sourcecode.c.h; path = PanierTableViewController.h; sourceTree = "<group>"; };
		8F4DBCF81C84EBB10048988C /* PanierTableViewController.m */ = {isa = PBXFileReference; fileEncoding = 4; lastKnownFileType = sourcecode.c.objc; path = PanierTableViewController.m; sourceTree = "<group>"; };
		8F4DBCF91C84EBB10048988C /* PanierTableViewController.xib */ = {isa = PBXFileReference; fileEncoding = 4; lastKnownFileType = file.xib; path = PanierTableViewController.xib; sourceTree = "<group>"; };
		8FB36B221C6D0FAD007A780D /* Xmazon.app */ = {isa = PBXFileReference; explicitFileType = wrapper.application; includeInIndex = 0; path = Xmazon.app; sourceTree = BUILT_PRODUCTS_DIR; };
		8FB36B261C6D0FAD007A780D /* main.m */ = {isa = PBXFileReference; lastKnownFileType = sourcecode.c.objc; path = main.m; sourceTree = "<group>"; };
		8FB36B281C6D0FAD007A780D /* AppDelegate.h */ = {isa = PBXFileReference; lastKnownFileType = sourcecode.c.h; path = AppDelegate.h; sourceTree = "<group>"; };
		8FB36B291C6D0FAD007A780D /* AppDelegate.m */ = {isa = PBXFileReference; lastKnownFileType = sourcecode.c.objc; path = AppDelegate.m; sourceTree = "<group>"; };
		8FB36B311C6D0FAD007A780D /* Assets.xcassets */ = {isa = PBXFileReference; lastKnownFileType = folder.assetcatalog; path = Assets.xcassets; sourceTree = "<group>"; };
		8FB36B341C6D0FAD007A780D /* Base */ = {isa = PBXFileReference; lastKnownFileType = file.storyboard; name = Base; path = Base.lproj/LaunchScreen.storyboard; sourceTree = "<group>"; };
		8FB36B361C6D0FAD007A780D /* Info.plist */ = {isa = PBXFileReference; lastKnownFileType = text.plist.xml; path = Info.plist; sourceTree = "<group>"; };
		8FB36B3B1C6D0FAE007A780D /* XmazonTests.xctest */ = {isa = PBXFileReference; explicitFileType = wrapper.cfbundle; includeInIndex = 0; path = XmazonTests.xctest; sourceTree = BUILT_PRODUCTS_DIR; };
		8FB36B3F1C6D0FAE007A780D /* XmazonTests.m */ = {isa = PBXFileReference; lastKnownFileType = sourcecode.c.objc; path = XmazonTests.m; sourceTree = "<group>"; };
		8FB36B411C6D0FAE007A780D /* Info.plist */ = {isa = PBXFileReference; lastKnownFileType = text.plist.xml; path = Info.plist; sourceTree = "<group>"; };
		8FB36B461C6D0FAE007A780D /* XmazonUITests.xctest */ = {isa = PBXFileReference; explicitFileType = wrapper.cfbundle; includeInIndex = 0; path = XmazonUITests.xctest; sourceTree = BUILT_PRODUCTS_DIR; };
		8FB36B4A1C6D0FAE007A780D /* XmazonUITests.m */ = {isa = PBXFileReference; lastKnownFileType = sourcecode.c.objc; path = XmazonUITests.m; sourceTree = "<group>"; };
		8FB36B4C1C6D0FAE007A780D /* Info.plist */ = {isa = PBXFileReference; lastKnownFileType = text.plist.xml; path = Info.plist; sourceTree = "<group>"; };
		8FB36B581C6D1339007A780D /* Constants.h */ = {isa = PBXFileReference; lastKnownFileType = sourcecode.c.h; path = Constants.h; sourceTree = "<group>"; };
		8FB36B591C6D1353007A780D /* Constants.m */ = {isa = PBXFileReference; fileEncoding = 4; lastKnownFileType = sourcecode.c.objc; path = Constants.m; sourceTree = "<group>"; };
		8FFFF3B21C6F43BB00FE4A62 /* API.h */ = {isa = PBXFileReference; fileEncoding = 4; lastKnownFileType = sourcecode.c.h; path = API.h; sourceTree = "<group>"; };
		8FFFF3B31C6F43BB00FE4A62 /* API.m */ = {isa = PBXFileReference; fileEncoding = 4; lastKnownFileType = sourcecode.c.objc; path = API.m; sourceTree = "<group>"; };
		8FFFF3B51C6F909900FE4A62 /* InscriptionViewController.h */ = {isa = PBXFileReference; fileEncoding = 4; lastKnownFileType = sourcecode.c.h; path = InscriptionViewController.h; sourceTree = "<group>"; };
		8FFFF3B61C6F909900FE4A62 /* InscriptionViewController.m */ = {isa = PBXFileReference; fileEncoding = 4; lastKnownFileType = sourcecode.c.objc; path = InscriptionViewController.m; sourceTree = "<group>"; };
		8FFFF3B71C6F909900FE4A62 /* InscriptionViewController.xib */ = {isa = PBXFileReference; fileEncoding = 4; lastKnownFileType = file.xib; path = InscriptionViewController.xib; sourceTree = "<group>"; };
/* End PBXFileReference section */

/* Begin PBXFrameworksBuildPhase section */
		8FB36B1F1C6D0FAD007A780D /* Frameworks */ = {
			isa = PBXFrameworksBuildPhase;
			buildActionMask = 2147483647;
			files = (
			);
			runOnlyForDeploymentPostprocessing = 0;
		};
		8FB36B381C6D0FAE007A780D /* Frameworks */ = {
			isa = PBXFrameworksBuildPhase;
			buildActionMask = 2147483647;
			files = (
			);
			runOnlyForDeploymentPostprocessing = 0;
		};
		8FB36B431C6D0FAE007A780D /* Frameworks */ = {
			isa = PBXFrameworksBuildPhase;
			buildActionMask = 2147483647;
			files = (
			);
			runOnlyForDeploymentPostprocessing = 0;
		};
/* End PBXFrameworksBuildPhase section */

/* Begin PBXGroup section */
		8F4DBCEB1C8200AE0048988C /* Stores */ = {
			isa = PBXGroup;
			children = (
				8F4DBCDC1C81E3F10048988C /* StoreTableViewController.h */,
				8F4DBCDD1C81E3F10048988C /* StoreTableViewController.m */,
				8F4DBCDE1C81E3F10048988C /* StoreTableViewController.xib */,
			);
			name = Stores;
			sourceTree = "<group>";
		};
		8F4DBCEC1C8200BB0048988C /* Produits */ = {
			isa = PBXGroup;
			children = (
				8F4DBCE61C8200980048988C /* ProduitTableViewController.h */,
				8F4DBCE71C8200980048988C /* ProduitTableViewController.m */,
				8F4DBCE81C8200980048988C /* ProduitTableViewController.xib */,
			);
			name = Produits;
			sourceTree = "<group>";
		};
		8F4DBCED1C8200C30048988C /* Categories */ = {
			isa = PBXGroup;
			children = (
				8F4DBCE11C81F7700048988C /* CategoryTableViewController.h */,
				8F4DBCE21C81F7700048988C /* CategoryTableViewController.m */,
				8F4DBCE31C81F7700048988C /* CategoryTableViewController.xib */,
			);
			name = Categories;
			sourceTree = "<group>";
		};
		8F4DBCEE1C8200CC0048988C /* Inscription */ = {
			isa = PBXGroup;
			children = (
				8FFFF3B51C6F909900FE4A62 /* InscriptionViewController.h */,
				8FFFF3B61C6F909900FE4A62 /* InscriptionViewController.m */,
				8FFFF3B71C6F909900FE4A62 /* InscriptionViewController.xib */,
			);
			name = Inscription;
			sourceTree = "<group>";
		};
		8F4DBCEF1C8200D20048988C /* ViewController */ = {
			isa = PBXGroup;
			children = (
				8F4DBCEB1C8200AE0048988C /* Stores */,
				8F4DBCEC1C8200BB0048988C /* Produits */,
				8F4DBCED1C8200C30048988C /* Categories */,
				8F4DBCEE1C8200CC0048988C /* Inscription */,
				8F4DBCFC1C84EBB50048988C /* Panier */,
			);
			name = ViewController;
			sourceTree = "<group>";
		};
		8F4DBCF61C84BD970048988C /* Classes */ = {
			isa = PBXGroup;
			children = (
				8F4DBCF31C84BD910048988C /* Cart.h */,
				8F4DBCF41C84BD910048988C /* Cart.m */,
				8F4DBCF01C84BD840048988C /* Product.h */,
				8F4DBCF11C84BD840048988C /* Product.m */,
			);
			name = Classes;
			sourceTree = "<group>";
		};
		8F4DBCFC1C84EBB50048988C /* Panier */ = {
			isa = PBXGroup;
			children = (
				8F4DBCF71C84EBB10048988C /* PanierTableViewController.h */,
				8F4DBCF81C84EBB10048988C /* PanierTableViewController.m */,
				8F4DBCF91C84EBB10048988C /* PanierTableViewController.xib */,
			);
			name = Panier;
			sourceTree = "<group>";
		};
		8FB36B191C6D0FAD007A780D = {
			isa = PBXGroup;
			children = (
				8FB36B241C6D0FAD007A780D /* Xmazon */,
				8FB36B3E1C6D0FAE007A780D /* XmazonTests */,
				8FB36B491C6D0FAE007A780D /* XmazonUITests */,
				8FB36B231C6D0FAD007A780D /* Products */,
			);
			sourceTree = "<group>";
		};
		8FB36B231C6D0FAD007A780D /* Products */ = {
			isa = PBXGroup;
			children = (
				8FB36B221C6D0FAD007A780D /* Xmazon.app */,
				8FB36B3B1C6D0FAE007A780D /* XmazonTests.xctest */,
				8FB36B461C6D0FAE007A780D /* XmazonUITests.xctest */,
			);
			name = Products;
			sourceTree = "<group>";
		};
		8FB36B241C6D0FAD007A780D /* Xmazon */ = {
			isa = PBXGroup;
			children = (
				8FB36B281C6D0FAD007A780D /* AppDelegate.h */,
				8FB36B291C6D0FAD007A780D /* AppDelegate.m */,
				8FB36B311C6D0FAD007A780D /* Assets.xcassets */,
				8FB36B331C6D0FAD007A780D /* LaunchScreen.storyboard */,
				8FB36B361C6D0FAD007A780D /* Info.plist */,
				8FB36B251C6D0FAD007A780D /* Supporting Files */,
				8FB36B581C6D1339007A780D /* Constants.h */,
				8FB36B591C6D1353007A780D /* Constants.m */,
				8FFFF3B21C6F43BB00FE4A62 /* API.h */,
				8FFFF3B31C6F43BB00FE4A62 /* API.m */,
				8F4DBCEF1C8200D20048988C /* ViewController */,
				8F4DBCF61C84BD970048988C /* Classes */,
			);
			path = Xmazon;
			sourceTree = "<group>";
		};
		8FB36B251C6D0FAD007A780D /* Supporting Files */ = {
			isa = PBXGroup;
			children = (
				8FB36B261C6D0FAD007A780D /* main.m */,
			);
			name = "Supporting Files";
			sourceTree = "<group>";
		};
		8FB36B3E1C6D0FAE007A780D /* XmazonTests */ = {
			isa = PBXGroup;
			children = (
				8FB36B3F1C6D0FAE007A780D /* XmazonTests.m */,
				8FB36B411C6D0FAE007A780D /* Info.plist */,
			);
			path = XmazonTests;
			sourceTree = "<group>";
		};
		8FB36B491C6D0FAE007A780D /* XmazonUITests */ = {
			isa = PBXGroup;
			children = (
				8FB36B4A1C6D0FAE007A780D /* XmazonUITests.m */,
				8FB36B4C1C6D0FAE007A780D /* Info.plist */,
			);
			path = XmazonUITests;
			sourceTree = "<group>";
		};
/* End PBXGroup section */

/* Begin PBXNativeTarget section */
		8FB36B211C6D0FAD007A780D /* Xmazon */ = {
			isa = PBXNativeTarget;
			buildConfigurationList = 8FB36B4F1C6D0FAE007A780D /* Build configuration list for PBXNativeTarget "Xmazon" */;
			buildPhases = (
				8FB36B1E1C6D0FAD007A780D /* Sources */,
				8FB36B1F1C6D0FAD007A780D /* Frameworks */,
				8FB36B201C6D0FAD007A780D /* Resources */,
			);
			buildRules = (
			);
			dependencies = (
			);
			name = Xmazon;
			productName = Xmazon;
			productReference = 8FB36B221C6D0FAD007A780D /* Xmazon.app */;
			productType = "com.apple.product-type.application";
		};
		8FB36B3A1C6D0FAE007A780D /* XmazonTests */ = {
			isa = PBXNativeTarget;
			buildConfigurationList = 8FB36B521C6D0FAE007A780D /* Build configuration list for PBXNativeTarget "XmazonTests" */;
			buildPhases = (
				8FB36B371C6D0FAE007A780D /* Sources */,
				8FB36B381C6D0FAE007A780D /* Frameworks */,
				8FB36B391C6D0FAE007A780D /* Resources */,
			);
			buildRules = (
			);
			dependencies = (
				8FB36B3D1C6D0FAE007A780D /* PBXTargetDependency */,
			);
			name = XmazonTests;
			productName = XmazonTests;
			productReference = 8FB36B3B1C6D0FAE007A780D /* XmazonTests.xctest */;
			productType = "com.apple.product-type.bundle.unit-test";
		};
		8FB36B451C6D0FAE007A780D /* XmazonUITests */ = {
			isa = PBXNativeTarget;
			buildConfigurationList = 8FB36B551C6D0FAE007A780D /* Build configuration list for PBXNativeTarget "XmazonUITests" */;
			buildPhases = (
				8FB36B421C6D0FAE007A780D /* Sources */,
				8FB36B431C6D0FAE007A780D /* Frameworks */,
				8FB36B441C6D0FAE007A780D /* Resources */,
			);
			buildRules = (
			);
			dependencies = (
				8FB36B481C6D0FAE007A780D /* PBXTargetDependency */,
			);
			name = XmazonUITests;
			productName = XmazonUITests;
			productReference = 8FB36B461C6D0FAE007A780D /* XmazonUITests.xctest */;
			productType = "com.apple.product-type.bundle.ui-testing";
		};
/* End PBXNativeTarget section */

/* Begin PBXProject section */
		8FB36B1A1C6D0FAD007A780D /* Project object */ = {
			isa = PBXProject;
			attributes = {
				LastUpgradeCheck = 0720;
				ORGANIZATIONNAME = "Pierre Boudon";
				TargetAttributes = {
					8FB36B211C6D0FAD007A780D = {
						CreatedOnToolsVersion = 7.2.1;
						DevelopmentTeam = TDA3Z7TUEK;
					};
					8FB36B3A1C6D0FAE007A780D = {
						CreatedOnToolsVersion = 7.2.1;
						DevelopmentTeam = TDA3Z7TUEK;
						TestTargetID = 8FB36B211C6D0FAD007A780D;
					};
					8FB36B451C6D0FAE007A780D = {
						CreatedOnToolsVersion = 7.2.1;
						DevelopmentTeam = TDA3Z7TUEK;
						TestTargetID = 8FB36B211C6D0FAD007A780D;
					};
				};
			};
			buildConfigurationList = 8FB36B1D1C6D0FAD007A780D /* Build configuration list for PBXProject "Xmazon" */;
			compatibilityVersion = "Xcode 3.2";
			developmentRegion = English;
			hasScannedForEncodings = 0;
			knownRegions = (
				en,
				Base,
			);
			mainGroup = 8FB36B191C6D0FAD007A780D;
			productRefGroup = 8FB36B231C6D0FAD007A780D /* Products */;
			projectDirPath = "";
			projectRoot = "";
			targets = (
				8FB36B211C6D0FAD007A780D /* Xmazon */,
				8FB36B3A1C6D0FAE007A780D /* XmazonTests */,
				8FB36B451C6D0FAE007A780D /* XmazonUITests */,
			);
		};
/* End PBXProject section */

/* Begin PBXResourcesBuildPhase section */
		8FB36B201C6D0FAD007A780D /* Resources */ = {
			isa = PBXResourcesBuildPhase;
			buildActionMask = 2147483647;
			files = (
				8FFFF3B91C6F909900FE4A62 /* InscriptionViewController.xib in Resources */,
				8F4DBCE01C81E3F10048988C /* StoreTableViewController.xib in Resources */,
				8F4DBCFB1C84EBB10048988C /* PanierTableViewController.xib in Resources */,
				8FB36B351C6D0FAD007A780D /* LaunchScreen.storyboard in Resources */,
				8F4DBCE51C81F7700048988C /* CategoryTableViewController.xib in Resources */,
				8FB36B321C6D0FAD007A780D /* Assets.xcassets in Resources */,
				8F4DBCEA1C8200980048988C /* ProduitTableViewController.xib in Resources */,
			);
			runOnlyForDeploymentPostprocessing = 0;
		};
		8FB36B391C6D0FAE007A780D /* Resources */ = {
			isa = PBXResourcesBuildPhase;
			buildActionMask = 2147483647;
			files = (
			);
			runOnlyForDeploymentPostprocessing = 0;
		};
		8FB36B441C6D0FAE007A780D /* Resources */ = {
			isa = PBXResourcesBuildPhase;
			buildActionMask = 2147483647;
			files = (
			);
			runOnlyForDeploymentPostprocessing = 0;
		};
/* End PBXResourcesBuildPhase section */

/* Begin PBXSourcesBuildPhase section */
		8FB36B1E1C6D0FAD007A780D /* Sources */ = {
			isa = PBXSourcesBuildPhase;
			buildActionMask = 2147483647;
			files = (
				8FFFF3B81C6F909900FE4A62 /* InscriptionViewController.m in Sources */,
				8F4DBCE41C81F7700048988C /* CategoryTableViewController.m in Sources */,
				8FB36B2A1C6D0FAD007A780D /* AppDelegate.m in Sources */,
				8F4DBCF21C84BD840048988C /* Product.m in Sources */,
				8FB36B271C6D0FAD007A780D /* main.m in Sources */,
				8F4DBCF51C84BD910048988C /* Cart.m in Sources */,
				8FFFF3B41C6F43BB00FE4A62 /* API.m in Sources */,
				8F4DBCE91C8200980048988C /* ProduitTableViewController.m in Sources */,
				8FB36B5A1C6D1353007A780D /* Constants.m in Sources */,
				8F4DBCDF1C81E3F10048988C /* StoreTableViewController.m in Sources */,
				8F4DBCFA1C84EBB10048988C /* PanierTableViewController.m in Sources */,
			);
			runOnlyForDeploymentPostprocessing = 0;
		};
		8FB36B371C6D0FAE007A780D /* Sources */ = {
			isa = PBXSourcesBuildPhase;
			buildActionMask = 2147483647;
			files = (
				8FB36B401C6D0FAE007A780D /* XmazonTests.m in Sources */,
			);
			runOnlyForDeploymentPostprocessing = 0;
		};
		8FB36B421C6D0FAE007A780D /* Sources */ = {
			isa = PBXSourcesBuildPhase;
			buildActionMask = 2147483647;
			files = (
				8FB36B4B1C6D0FAE007A780D /* XmazonUITests.m in Sources */,
			);
			runOnlyForDeploymentPostprocessing = 0;
		};
/* End PBXSourcesBuildPhase section */

/* Begin PBXTargetDependency section */
		8FB36B3D1C6D0FAE007A780D /* PBXTargetDependency */ = {
			isa = PBXTargetDependency;
			target = 8FB36B211C6D0FAD007A780D /* Xmazon */;
			targetProxy = 8FB36B3C1C6D0FAE007A780D /* PBXContainerItemProxy */;
		};
		8FB36B481C6D0FAE007A780D /* PBXTargetDependency */ = {
			isa = PBXTargetDependency;
			target = 8FB36B211C6D0FAD007A780D /* Xmazon */;
			targetProxy = 8FB36B471C6D0FAE007A780D /* PBXContainerItemProxy */;
		};
/* End PBXTargetDependency section */

/* Begin PBXVariantGroup section */
		8FB36B331C6D0FAD007A780D /* LaunchScreen.storyboard */ = {
			isa = PBXVariantGroup;
			children = (
				8FB36B341C6D0FAD007A780D /* Base */,
			);
			name = LaunchScreen.storyboard;
			sourceTree = "<group>";
		};
/* End PBXVariantGroup section */

/* Begin XCBuildConfiguration section */
		8FB36B4D1C6D0FAE007A780D /* Debug */ = {
			isa = XCBuildConfiguration;
			buildSettings = {
				ALWAYS_SEARCH_USER_PATHS = NO;
				CLANG_CXX_LANGUAGE_STANDARD = "gnu++0x";
				CLANG_CXX_LIBRARY = "libc++";
				CLANG_ENABLE_MODULES = YES;
				CLANG_ENABLE_OBJC_ARC = YES;
				CLANG_WARN_BOOL_CONVERSION = YES;
				CLANG_WARN_CONSTANT_CONVERSION = YES;
				CLANG_WARN_DIRECT_OBJC_ISA_USAGE = YES_ERROR;
				CLANG_WARN_EMPTY_BODY = YES;
				CLANG_WARN_ENUM_CONVERSION = YES;
				CLANG_WARN_INT_CONVERSION = YES;
				CLANG_WARN_OBJC_ROOT_CLASS = YES_ERROR;
				CLANG_WARN_UNREACHABLE_CODE = YES;
				CLANG_WARN__DUPLICATE_METHOD_MATCH = YES;
				"CODE_SIGN_IDENTITY[sdk=iphoneos*]" = "iPhone Developer";
				COPY_PHASE_STRIP = NO;
				DEBUG_INFORMATION_FORMAT = dwarf;
				ENABLE_STRICT_OBJC_MSGSEND = YES;
				ENABLE_TESTABILITY = YES;
				GCC_C_LANGUAGE_STANDARD = gnu99;
				GCC_DYNAMIC_NO_PIC = NO;
				GCC_NO_COMMON_BLOCKS = YES;
				GCC_OPTIMIZATION_LEVEL = 0;
				GCC_PREPROCESSOR_DEFINITIONS = (
					"DEBUG=1",
					"$(inherited)",
				);
				GCC_WARN_64_TO_32_BIT_CONVERSION = YES;
				GCC_WARN_ABOUT_RETURN_TYPE = YES_ERROR;
				GCC_WARN_UNDECLARED_SELECTOR = YES;
				GCC_WARN_UNINITIALIZED_AUTOS = YES_AGGRESSIVE;
				GCC_WARN_UNUSED_FUNCTION = YES;
				GCC_WARN_UNUSED_VARIABLE = YES;
				IPHONEOS_DEPLOYMENT_TARGET = 9.2;
				MTL_ENABLE_DEBUG_INFO = YES;
				ONLY_ACTIVE_ARCH = YES;
				SDKROOT = iphoneos;
			};
			name = Debug;
		};
		8FB36B4E1C6D0FAE007A780D /* Release */ = {
			isa = XCBuildConfiguration;
			buildSettings = {
				ALWAYS_SEARCH_USER_PATHS = NO;
				CLANG_CXX_LANGUAGE_STANDARD = "gnu++0x";
				CLANG_CXX_LIBRARY = "libc++";
				CLANG_ENABLE_MODULES = YES;
				CLANG_ENABLE_OBJC_ARC = YES;
				CLANG_WARN_BOOL_CONVERSION = YES;
				CLANG_WARN_CONSTANT_CONVERSION = YES;
				CLANG_WARN_DIRECT_OBJC_ISA_USAGE = YES_ERROR;
				CLANG_WARN_EMPTY_BODY = YES;
				CLANG_WARN_ENUM_CONVERSION = YES;
				CLANG_WARN_INT_CONVERSION = YES;
				CLANG_WARN_OBJC_ROOT_CLASS = YES_ERROR;
				CLANG_WARN_UNREACHABLE_CODE = YES;
				CLANG_WARN__DUPLICATE_METHOD_MATCH = YES;
				"CODE_SIGN_IDENTITY[sdk=iphoneos*]" = "iPhone Developer";
				COPY_PHASE_STRIP = NO;
				DEBUG_INFORMATION_FORMAT = "dwarf-with-dsym";
				ENABLE_NS_ASSERTIONS = NO;
				ENABLE_STRICT_OBJC_MSGSEND = YES;
				GCC_C_LANGUAGE_STANDARD = gnu99;
				GCC_NO_COMMON_BLOCKS = YES;
				GCC_WARN_64_TO_32_BIT_CONVERSION = YES;
				GCC_WARN_ABOUT_RETURN_TYPE = YES_ERROR;
				GCC_WARN_UNDECLARED_SELECTOR = YES;
				GCC_WARN_UNINITIALIZED_AUTOS = YES_AGGRESSIVE;
				GCC_WARN_UNUSED_FUNCTION = YES;
				GCC_WARN_UNUSED_VARIABLE = YES;
				IPHONEOS_DEPLOYMENT_TARGET = 9.2;
				MTL_ENABLE_DEBUG_INFO = NO;
				SDKROOT = iphoneos;
				VALIDATE_PRODUCT = YES;
			};
			name = Release;
		};
		8FB36B501C6D0FAE007A780D /* Debug */ = {
			isa = XCBuildConfiguration;
			buildSettings = {
				ASSETCATALOG_COMPILER_APPICON_NAME = AppIcon;
				INFOPLIST_FILE = Xmazon/Info.plist;
				IPHONEOS_DEPLOYMENT_TARGET = 9.0;
				LD_RUNPATH_SEARCH_PATHS = "$(inherited) @executable_path/Frameworks";
				PRODUCT_BUNDLE_IDENTIFIER = PB.Xmazon;
				PRODUCT_NAME = "$(TARGET_NAME)";
			};
			name = Debug;
		};
		8FB36B511C6D0FAE007A780D /* Release */ = {
			isa = XCBuildConfiguration;
			buildSettings = {
				ASSETCATALOG_COMPILER_APPICON_NAME = AppIcon;
				INFOPLIST_FILE = Xmazon/Info.plist;
				IPHONEOS_DEPLOYMENT_TARGET = 9.0;
				LD_RUNPATH_SEARCH_PATHS = "$(inherited) @executable_path/Frameworks";
				PRODUCT_BUNDLE_IDENTIFIER = PB.Xmazon;
				PRODUCT_NAME = "$(TARGET_NAME)";
			};
			name = Release;
		};
		8FB36B531C6D0FAE007A780D /* Debug */ = {
			isa = XCBuildConfiguration;
			buildSettings = {
				BUNDLE_LOADER = "$(TEST_HOST)";
				INFOPLIST_FILE = XmazonTests/Info.plist;
				LD_RUNPATH_SEARCH_PATHS = "$(inherited) @executable_path/Frameworks @loader_path/Frameworks";
				PRODUCT_BUNDLE_IDENTIFIER = PB.XmazonTests;
				PRODUCT_NAME = "$(TARGET_NAME)";
				TEST_HOST = "$(BUILT_PRODUCTS_DIR)/Xmazon.app/Xmazon";
			};
			name = Debug;
		};
		8FB36B541C6D0FAE007A780D /* Release */ = {
			isa = XCBuildConfiguration;
			buildSettings = {
				BUNDLE_LOADER = "$(TEST_HOST)";
				INFOPLIST_FILE = XmazonTests/Info.plist;
				LD_RUNPATH_SEARCH_PATHS = "$(inherited) @executable_path/Frameworks @loader_path/Frameworks";
				PRODUCT_BUNDLE_IDENTIFIER = PB.XmazonTests;
				PRODUCT_NAME = "$(TARGET_NAME)";
				TEST_HOST = "$(BUILT_PRODUCTS_DIR)/Xmazon.app/Xmazon";
			};
			name = Release;
		};
		8FB36B561C6D0FAE007A780D /* Debug */ = {
			isa = XCBuildConfiguration;
			buildSettings = {
				INFOPLIST_FILE = XmazonUITests/Info.plist;
				LD_RUNPATH_SEARCH_PATHS = "$(inherited) @executable_path/Frameworks @loader_path/Frameworks";
				PRODUCT_BUNDLE_IDENTIFIER = PB.XmazonUITests;
				PRODUCT_NAME = "$(TARGET_NAME)";
				TEST_TARGET_NAME = Xmazon;
				USES_XCTRUNNER = YES;
			};
			name = Debug;
		};
		8FB36B571C6D0FAE007A780D /* Release */ = {
			isa = XCBuildConfiguration;
			buildSettings = {
				INFOPLIST_FILE = XmazonUITests/Info.plist;
				LD_RUNPATH_SEARCH_PATHS = "$(inherited) @executable_path/Frameworks @loader_path/Frameworks";
				PRODUCT_BUNDLE_IDENTIFIER = PB.XmazonUITests;
				PRODUCT_NAME = "$(TARGET_NAME)";
				TEST_TARGET_NAME = Xmazon;
				USES_XCTRUNNER = YES;
			};
			name = Release;
		};
/* End XCBuildConfiguration section */

/* Begin XCConfigurationList section */
		8FB36B1D1C6D0FAD007A780D /* Build configuration list for PBXProject "Xmazon" */ = {
			isa = XCConfigurationList;
			buildConfigurations = (
				8FB36B4D1C6D0FAE007A780D /* Debug */,
				8FB36B4E1C6D0FAE007A780D /* Release */,
			);
			defaultConfigurationIsVisible = 0;
			defaultConfigurationName = Release;
		};
		8FB36B4F1C6D0FAE007A780D /* Build configuration list for PBXNativeTarget "Xmazon" */ = {
			isa = XCConfigurationList;
			buildConfigurations = (
				8FB36B501C6D0FAE007A780D /* Debug */,
				8FB36B511C6D0FAE007A780D /* Release */,
			);
			defaultConfigurationIsVisible = 0;
			defaultConfigurationName = Release;
		};
		8FB36B521C6D0FAE007A780D /* Build configuration list for PBXNativeTarget "XmazonTests" */ = {
			isa = XCConfigurationList;
			buildConfigurations = (
				8FB36B531C6D0FAE007A780D /* Debug */,
				8FB36B541C6D0FAE007A780D /* Release */,
			);
			defaultConfigurationIsVisible = 0;
			defaultConfigurationName = Release;
		};
		8FB36B551C6D0FAE007A780D /* Build configuration list for PBXNativeTarget "XmazonUITests" */ = {
			isa = XCConfigurationList;
			buildConfigurations = (
				8FB36B561C6D0FAE007A780D /* Debug */,
				8FB36B571C6D0FAE007A780D /* Release */,
			);
			defaultConfigurationIsVisible = 0;
			defaultConfigurationName = Release;
		};
/* End XCConfigurationList section */
	};
	rootObject = 8FB36B1A1C6D0FAD007A780D /* Project object */;
}
